
Microsoft Visual Studio Solution File, Format Version 12.00
# Visual Studio Version 17
VisualStudioVersion = 17.13.35931.197 d17.13
MinimumVisualStudioVersion = 10.0.40219.1
Project("{8BC9CEB8-8B4A-11D0-8D11-00A0C91BC942}") = "Project_5_7", "Project_5_7\Project_5_7.vcxproj", "{B370EC96-3A2C-40BC-8577-36BCA1ACDBAA}"
EndProject
Global
	GlobalSection(SolutionConfigurationPlatforms) = preSolution
		Debug|x64 = Debug|x64
		Debug|x86 = Debug|x86
		Release|x64 = Release|x64
		Release|x86 = Release|x86
	EndGlobalSection
	GlobalSection(ProjectConfigurationPlatforms) = postSolution
		{B370EC96-3A2C-40BC-8577-36BCA1ACDBAA}.Debug|x64.ActiveCfg = Debug|x64
		{B370EC96-3A2C-40BC-8577-36BCA1ACDBAA}.Debug|x64.Build.0 = Debug|x64
		{B370EC96-3A2C-40BC-8577-36BCA1ACDBAA}.Debug|x86.ActiveCfg = Debug|Win32
		{B370EC96-3A2C-40BC-8577-36BCA1ACDBAA}.Debug|x86.Build.0 = Debug|Win32
		{B370EC96-3A2C-40BC-8577-36BCA1ACDBAA}.Release|x64.ActiveCfg = Release|x64
		{B370EC96-3A2C-40BC-8577-36BCA1ACDBAA}.Release|x64.Build.0 = Release|x64
		{B370EC96-3A2C-40BC-8577-36BCA1ACDBAA}.Release|x86.ActiveCfg = Release|Win32
		{B370EC96-3A2C-40BC-8577-36BCA1ACDBAA}.Release|x86.Build.0 = Release|Win32
	EndGlobalSection
	GlobalSection(SolutionProperties) = preSolution
		HideSolutionNode = FALSE
	EndGlobalSection
	GlobalSection(ExtensibilityGlobals) = postSolution
		SolutionGuid = {F6752DE0-1A57-42B1-8070-488E01EA6645}
	EndGlobalSection
EndGlobal
